# This file was autogenerated by Stack.
# You should not edit this file by hand.
# For more information, please see the documentation at:
#   https://docs.haskellstack.org/en/stable/lock_files

packages:
- completed:
    hackage: katip-0.5.4.0@sha256:6fd2c835e940f8d07525c62755df5814a5719c005e43bbc875ddbdae8fe6af60,4289
    pantry-tree:
      size: 1140
      sha256: 6b53797d52da581ec75f3e75b5ef3f585a6018d15f92ac59fa5143af34e85c85
  original:
    hackage: katip-0.5.4.0
- completed:
    hackage: aeson-lens-0.5.0.0@sha256:7b557d74d1f35ce47905d5ab65d9c87bb59843e24177341995d2bb1ceeb177fb,994
    pantry-tree:
      size: 261
      sha256: 603ccba7d86c40cf2e02139d3d843a07c6782edc94b0368947a13f2757fe39da
  original:
    hackage: aeson-lens-0.5.0.0@sha256:7b557d74d1f35ce47905d5ab65d9c87bb59843e24177341995d2bb1ceeb177fb,994
- completed:
    name: servant-elm
    version: 0.7.2
    git: https://github.com/haskell-servant/servant-elm.git
    pantry-tree:
      size: 3221
      sha256: 815fe5e6f25687feb35183f539793b0d9ec0254fb0ad252cbf25a8620a999d13
    commit: 95c49abe536d8e468efb5a8a0cd750cf817295f4
  original:
    git: https://github.com/haskell-servant/servant-elm.git
    commit: 95c49abe536d8e468efb5a8a0cd750cf817295f4
- completed:
    name: elm-bridge
    version: 0.6.1
    git: https://github.com/agrafix/elm-bridge.git
    pantry-tree:
      size: 1475
      sha256: 861fcc57620b5f20b45851277fccd969311fa4a0dc8f32cd4eb7119a6d72ca8a
    commit: 28400342b143f7899e82fa22a435461116d38760
  original:
    git: https://github.com/agrafix/elm-bridge.git
    commit: 28400342b143f7899e82fa22a435461116d38760
snapshots:
- completed:
    size: 507418
    url: https://raw.githubusercontent.com/commercialhaskell/stackage-snapshots/master/lts/11/8.yaml
    sha256: 2fc510eec19e4aecb06e5b2d7faa9a4004b55265fb5f13eb09b2be885726e810
  original: lts-11.8
